
Microsoft Visual Studio Solution File, Format Version 12.00
# Visual Studio Version 16
VisualStudioVersion = 16.0.29519.87
MinimumVisualStudioVersion = 10.0.40219.1
Project("{FAE04EC0-301F-11D3-BF4B-00C04F79EFBC}") = "Swagger_Example.Web", "Swagger_Example.Web\Swagger_Example.Web.csproj", "{CC8089AA-F19A-47EB-AA0E-26A19780C8B6}"
EndProject
Global
	GlobalSection(SolutionConfigurationPlatforms) = preSolution
		Debug|Any CPU = Debug|Any CPU
		Release|Any CPU = Release|Any CPU
	EndGlobalSection
	GlobalSection(ProjectConfigurationPlatforms) = postSolution
		{CC8089AA-F19A-47EB-AA0E-26A19780C8B6}.Debug|Any CPU.ActiveCfg = Debug|Any CPU
		{CC8089AA-F19A-47EB-AA0E-26A19780C8B6}.Debug|Any CPU.Build.0 = Debug|Any CPU
		{CC8089AA-F19A-47EB-AA0E-26A19780C8B6}.Release|Any CPU.ActiveCfg = Release|Any CPU
		{CC8089AA-F19A-47EB-AA0E-26A19780C8B6}.Release|Any CPU.Build.0 = Release|Any CPU
	EndGlobalSection
	GlobalSection(SolutionProperties) = preSolution
		HideSolutionNode = FALSE
	EndGlobalSection
	GlobalSection(ExtensibilityGlobals) = postSolution
		SolutionGuid = {6BDD49EB-D85E-419E-BB46-EF199BB901F3}
	EndGlobalSection
EndGlobal
